// !$*UTF8*$!
{
	archiveVersion = 1;
	classes = {
	};
	objectVersion = 50;
	objects = {

/* Begin PBXBuildFile section */
		5E5BB3DA20BF893C004A5D97 /* AppDelegate.m in Sources */ = {isa = PBXBuildFile; fileRef = 5E5BB3D920BF893C004A5D97 /* AppDelegate.m */; };
		5E5BB3DD20BF893C004A5D97 /* ViewController.m in Sources */ = {isa = PBXBuildFile; fileRef = 5E5BB3DC20BF893C004A5D97 /* ViewController.m */; };
		5E5BB3E020BF893C004A5D97 /* Main.storyboard in Resources */ = {isa = PBXBuildFile; fileRef = 5E5BB3DE20BF893C004A5D97 /* Main.storyboard */; };
		5E5BB3E220BF895E004A5D97 /* Assets.xcassets in Resources */ = {isa = PBXBuildFile; fileRef = 5E5BB3E120BF895E004A5D97 /* Assets.xcassets */; };
		5E5BB3E520BF895E004A5D97 /* LaunchScreen.storyboard in Resources */ = {isa = PBXBuildFile; fileRef = 5E5BB3E320BF895E004A5D97 /* LaunchScreen.storyboard */; };
		5E5BB3E820BF895E004A5D97 /* main.m in Sources */ = {isa = PBXBuildFile; fileRef = 5E5BB3E720BF895E004A5D97 /* main.m */; };
		5E5BB3F020BF8AC9004A5D97 /* ZzzHistoryCollectionViewCell.m in Sources */ = {isa = PBXBuildFile; fileRef = 5E5BB3EF20BF8AC9004A5D97 /* ZzzHistoryCollectionViewCell.m */; };
/* End PBXBuildFile section */

/* Begin PBXFileReference section */
		5E5BB3D520BF893B004A5D97 /* ZzzUICollectionViewStudy.app */ = {isa = PBXFileReference; explicitFileType = wrapper.application; includeInIndex = 0; path = ZzzUICollectionViewStudy.app; sourceTree = BUILT_PRODUCTS_DIR; };
		5E5BB3D820BF893B004A5D97 /* AppDelegate.h */ = {isa = PBXFileReference; lastKnownFileType = sourcecode.c.h; path = AppDelegate.h; sourceTree = "<group>"; };
		5E5BB3D920BF893C004A5D97 /* AppDelegate.m */ = {isa = PBXFileReference; lastKnownFileType = sourcecode.c.objc; path = AppDelegate.m; sourceTree = "<group>"; };
		5E5BB3DB20BF893C004A5D97 /* ViewController.h */ = {isa = PBXFileReference; lastKnownFileType = sourcecode.c.h; path = ViewController.h; sourceTree = "<group>"; };
		5E5BB3DC20BF893C004A5D97 /* ViewController.m */ = {isa = PBXFileReference; lastKnownFileType = sourcecode.c.objc; path = ViewController.m; sourceTree = "<group>"; };
		5E5BB3DF20BF893C004A5D97 /* Base */ = {isa = PBXFileReference; lastKnownFileType = file.storyboard; name = Base; path = Base.lproj/Main.storyboard; sourceTree = "<group>"; };
		5E5BB3E120BF895E004A5D97 /* Assets.xcassets */ = {isa = PBXFileReference; lastKnownFileType = folder.assetcatalog; path = Assets.xcassets; sourceTree = "<group>"; };
		5E5BB3E420BF895E004A5D97 /* Base */ = {isa = PBXFileReference; lastKnownFileType = file.storyboard; name = Base; path = Base.lproj/LaunchScreen.storyboard; sourceTree = "<group>"; };
		5E5BB3E620BF895E004A5D97 /* Info.plist */ = {isa = PBXFileReference; lastKnownFileType = text.plist.xml; path = Info.plist; sourceTree = "<group>"; };
		5E5BB3E720BF895E004A5D97 /* main.m */ = {isa = PBXFileReference; lastKnownFileType = sourcecode.c.objc; path = main.m; sourceTree = "<group>"; };
		5E5BB3EE20BF8AC9004A5D97 /* ZzzHistoryCollectionViewCell.h */ = {isa = PBXFileReference; lastKnownFileType = sourcecode.c.h; path = ZzzHistoryCollectionViewCell.h; sourceTree = "<group>"; };
		5E5BB3EF20BF8AC9004A5D97 /* ZzzHistoryCollectionViewCell.m */ = {isa = PBXFileReference; lastKnownFileType = sourcecode.c.objc; path = ZzzHistoryCollectionViewCell.m; sourceTree = "<group>"; };
/* End PBXFileReference section */

/* Begin PBXFrameworksBuildPhase section */
		5E5BB3D220BF893B004A5D97 /* Frameworks */ = {
			isa = PBXFrameworksBuildPhase;
			buildActionMask = 2147483647;
			files = (
			);
			runOnlyForDeploymentPostprocessing = 0;
		};
/* End PBXFrameworksBuildPhase section */

/* Begin PBXGroup section */
		5E5BB3CC20BF893B004A5D97 = {
			isa = PBXGroup;
			children = (
				5E5BB3D720BF893B004A5D97 /* ZzzUICollectionViewStudy */,
				5E5BB3D620BF893B004A5D97 /* Products */,
			);
			sourceTree = "<group>";
		};
		5E5BB3D620BF893B004A5D97 /* Products */ = {
			isa = PBXGroup;
			children = (
				5E5BB3D520BF893B004A5D97 /* ZzzUICollectionViewStudy.app */,
			);
			name = Products;
			sourceTree = "<group>";
		};
		5E5BB3D720BF893B004A5D97 /* ZzzUICollectionViewStudy */ = {
			isa = PBXGroup;
			children = (
				5E5BB3D820BF893B004A5D97 /* AppDelegate.h */,
				5E5BB3D920BF893C004A5D97 /* AppDelegate.m */,
				5E5BB3DB20BF893C004A5D97 /* ViewController.h */,
				5E5BB3DC20BF893C004A5D97 /* ViewController.m */,
				5E5BB3EE20BF8AC9004A5D97 /* ZzzHistoryCollectionViewCell.h */,
				5E5BB3EF20BF8AC9004A5D97 /* ZzzHistoryCollectionViewCell.m */,
				5E5BB3DE20BF893C004A5D97 /* Main.storyboard */,
				5E5BB3E120BF895E004A5D97 /* Assets.xcassets */,
				5E5BB3E320BF895E004A5D97 /* LaunchScreen.storyboard */,
				5E5BB3E620BF895E004A5D97 /* Info.plist */,
				5E5BB3E720BF895E004A5D97 /* main.m */,
			);
			path = ZzzUICollectionViewStudy;
			sourceTree = "<group>";
		};
/* End PBXGroup section */

/* Begin PBXNativeTarget section */
		5E5BB3D420BF893B004A5D97 /* ZzzUICollectionViewStudy */ = {
			isa = PBXNativeTarget;
			buildConfigurationList = 5E5BB3EB20BF895E004A5D97 /* Build configuration list for PBXNativeTarget "ZzzUICollectionViewStudy" */;
			buildPhases = (
				5E5BB3D120BF893B004A5D97 /* Sources */,
				5E5BB3D220BF893B004A5D97 /* Frameworks */,
				5E5BB3D320BF893B004A5D97 /* Resources */,
			);
			buildRules = (
			);
			dependencies = (
			);
			name = ZzzUICollectionViewStudy;
			productName = ZzzUICollectionViewStudy;
			productReference = 5E5BB3D520BF893B004A5D97 /* ZzzUICollectionViewStudy.app */;
			productType = "com.apple.product-type.application";
		};
/* End PBXNativeTarget section */

/* Begin PBXProject section */
		5E5BB3CD20BF893B004A5D97 /* Project object */ = {
			isa = PBXProject;
			attributes = {
				LastUpgradeCheck = 0930;
				ORGANIZATIONNAME = zzz;
				TargetAttributes = {
					5E5BB3D420BF893B004A5D97 = {
						CreatedOnToolsVersion = 9.3;
					};
				};
			};
			buildConfigurationList = 5E5BB3D020BF893B004A5D97 /* Build configuration list for PBXProject "ZzzUICollectionViewStudy" */;
			compatibilityVersion = "Xcode 9.3";
			developmentRegion = en;
			hasScannedForEncodings = 0;
			knownRegions = (
				en,
				Base,
			);
			mainGroup = 5E5BB3CC20BF893B004A5D97;
			productRefGroup = 5E5BB3D620BF893B004A5D97 /* Products */;
			projectDirPath = "";
			projectRoot = "";
			targets = (
				5E5BB3D420BF893B004A5D97 /* ZzzUICollectionViewStudy */,
			);
		};
/* End PBXProject section */

/* Begin PBXResourcesBuildPhase section */
		5E5BB3D320BF893B004A5D97 /* Resources */ = {
			isa = PBXResourcesBuildPhase;
			buildActionMask = 2147483647;
			files = (
				5E5BB3E520BF895E004A5D97 /* LaunchScreen.storyboard in Resources */,
				5E5BB3E220BF895E004A5D97 /* Assets.xcassets in Resources */,
				5E5BB3E020BF893C004A5D97 /* Main.storyboard in Resources */,
			);
			runOnlyForDeploymentPostprocessing = 0;
		};
/* End PBXResourcesBuildPhase section */

/* Begin PBXSourcesBuildPhase section */
		5E5BB3D120BF893B004A5D97 /* Sources */ = {
			isa = PBXSourcesBuildPhase;
			buildActionMask = 2147483647;
			files = (
				5E5BB3F020BF8AC9004A5D97 /* ZzzHistoryCollectionViewCell.m in Sources */,
				5E5BB3DD20BF893C004A5D97 /* ViewController.m in Sources */,
				5E5BB3E820BF895E004A5D97 /* main.m in Sources */,
				5E5BB3DA20BF893C004A5D97 /* AppDelegate.m in Sources */,
			);
			runOnlyForDeploymentPostprocessing = 0;
		};
/* End PBXSourcesBuildPhase section */

/* Begin PBXVariantGroup section */
		5E5BB3DE20BF893C004A5D97 /* Main.storyboard */ = {
			isa = PBXVariantGroup;
			children = (
				5E5BB3DF20BF893C004A5D97 /* Base */,
			);
			name = Main.storyboard;
			sourceTree = "<group>";
		};
		5E5BB3E320BF895E004A5D97 /* LaunchScreen.storyboard */ = {
			isa = PBXVariantGroup;
			children = (
				5E5BB3E420BF895E004A5D97 /* Base */,
			);
			name = LaunchScreen.storyboard;
			sourceTree = "<group>";
		};
/* End PBXVariantGroup section */

/* Begin XCBuildConfiguration section */
		5E5BB3E920BF895E004A5D97 /* Debug */ = {
			isa = XCBuildConfiguration;
			buildSettings = {
				ALWAYS_SEARCH_USER_PATHS = NO;
				CLANG_ANALYZER_NONNULL = YES;
				CLANG_ANALYZER_NUMBER_OBJECT_CONVERSION = YES_AGGRESSIVE;
				CLANG_CXX_LANGUAGE_STANDARD = "gnu++14";
				CLANG_CXX_LIBRARY = "libc++";
				CLANG_ENABLE_MODULES = YES;
				CLANG_ENABLE_OBJC_ARC = YES;
				CLANG_ENABLE_OBJC_WEAK = YES;
				CLANG_WARN_BLOCK_CAPTURE_AUTORELEASING = YES;
				CLANG_WARN_BOOL_CONVERSION = YES;
				CLANG_WARN_COMMA = YES;
				CLANG_WARN_CONSTANT_CONVERSION = YES;
				CLANG_WARN_DEPRECATED_OBJC_IMPLEMENTATIONS = YES;
				CLANG_WARN_DIRECT_OBJC_ISA_USAGE = YES_ERROR;
				CLANG_WARN_DOCUMENTATION_COMMENTS = YES;
				CLANG_WARN_EMPTY_BODY = YES;
				CLANG_WARN_ENUM_CONVERSION = YES;
				CLANG_WARN_INFINITE_RECURSION = YES;
				CLANG_WARN_INT_CONVERSION = YES;
				CLANG_WARN_NON_LITERAL_NULL_CONVERSION = YES;
				CLANG_WARN_OBJC_IMPLICIT_RETAIN_SELF = YES;
				CLANG_WARN_OBJC_LITERAL_CONVERSION = YES;
				CLANG_WARN_OBJC_ROOT_CLASS = YES_ERROR;
				CLANG_WARN_RANGE_LOOP_ANALYSIS = YES;
				CLANG_WARN_STRICT_PROTOTYPES = YES;
				CLANG_WARN_SUSPICIOUS_MOVE = YES;
				CLANG_WARN_UNGUARDED_AVAILABILITY = YES_AGGRESSIVE;
				CLANG_WARN_UNREACHABLE_CODE = YES;
				CLANG_WARN__DUPLICATE_METHOD_MATCH = YES;
				CODE_SIGN_IDENTITY = "iPhone Developer";
				COPY_PHASE_STRIP = NO;
				DEBUG_INFORMATION_FORMAT = dwarf;
				ENABLE_STRICT_OBJC_MSGSEND = YES;
				ENABLE_TESTABILITY = YES;
				GCC_C_LANGUAGE_STANDARD = gnu11;
				GCC_DYNAMIC_NO_PIC = NO;
				GCC_NO_COMMON_BLOCKS = YES;
				GCC_OPTIMIZATION_LEVEL = 0;
				GCC_PREPROCESSOR_DEFINITIONS = (
					"DEBUG=1",
					"$(inherited)",
				);
				GCC_WARN_64_TO_32_BIT_CONVERSION = YES;
				GCC_WARN_ABOUT_RETURN_TYPE = YES_ERROR;
				GCC_WARN_UNDECLARED_SELECTOR = YES;
				GCC_WARN_UNINITIALIZED_AUTOS = YES_AGGRESSIVE;
				GCC_WARN_UNUSED_FUNCTION = YES;
				GCC_WARN_UNUSED_VARIABLE = YES;
				IPHONEOS_DEPLOYMENT_TARGET = 11.3;
				MTL_ENABLE_DEBUG_INFO = YES;
				ONLY_ACTIVE_ARCH = YES;
				SDKROOT = iphoneos;
			};
			name = Debug;
		};
		5E5BB3EA20BF895E004A5D97 /* Release */ = {
			isa = XCBuildConfiguration;
			buildSettings = {
				ALWAYS_SEARCH_USER_PATHS = NO;
				CLANG_ANALYZER_NONNULL = YES;
				CLANG_ANALYZER_NUMBER_OBJECT_CONVERSION = YES_AGGRESSIVE;
				CLANG_CXX_LANGUAGE_STANDARD = "gnu++14";
				CLANG_CXX_LIBRARY = "libc++";
				CLANG_ENABLE_MODULES = YES;
				CLANG_ENABLE_OBJC_ARC = YES;
				CLANG_ENABLE_OBJC_WEAK = YES;
				CLANG_WARN_BLOCK_CAPTURE_AUTORELEASING = YES;
				CLANG_WARN_BOOL_CONVERSION = YES;
				CLANG_WARN_COMMA = YES;
				CLANG_WARN_CONSTANT_CONVERSION = YES;
				CLANG_WARN_DEPRECATED_OBJC_IMPLEMENTATIONS = YES;
				CLANG_WARN_DIRECT_OBJC_ISA_USAGE = YES_ERROR;
				CLANG_WARN_DOCUMENTATION_COMMENTS = YES;
				CLANG_WARN_EMPTY_BODY = YES;
				CLANG_WARN_ENUM_CONVERSION = YES;
				CLANG_WARN_INFINITE_RECURSION = YES;
				CLANG_WARN_INT_CONVERSION = YES;
				CLANG_WARN_NON_LITERAL_NULL_CONVERSION = YES;
				CLANG_WARN_OBJC_IMPLICIT_RETAIN_SELF = YES;
				CLANG_WARN_OBJC_LITERAL_CONVERSION = YES;
				CLANG_WARN_OBJC_ROOT_CLASS = YES_ERROR;
				CLANG_WARN_RANGE_LOOP_ANALYSIS = YES;
				CLANG_WARN_STRICT_PROTOTYPES = YES;
				CLANG_WARN_SUSPICIOUS_MOVE = YES;
				CLANG_WARN_UNGUARDED_AVAILABILITY = YES_AGGRESSIVE;
				CLANG_WARN_UNREACHABLE_CODE = YES;
				CLANG_WARN__DUPLICATE_METHOD_MATCH = YES;
				CODE_SIGN_IDENTITY = "iPhone Developer";
				COPY_PHASE_STRIP = NO;
				DEBUG_INFORMATION_FORMAT = "dwarf-with-dsym";
				ENABLE_NS_ASSERTIONS = NO;
				ENABLE_STRICT_OBJC_MSGSEND = YES;
				GCC_C_LANGUAGE_STANDARD = gnu11;
				GCC_NO_COMMON_BLOCKS = YES;
				GCC_WARN_64_TO_32_BIT_CONVERSION = YES;
				GCC_WARN_ABOUT_RETURN_TYPE = YES_ERROR;
				GCC_WARN_UNDECLARED_SELECTOR = YES;
				GCC_WARN_UNINITIALIZED_AUTOS = YES_AGGRESSIVE;
				GCC_WARN_UNUSED_FUNCTION = YES;
				GCC_WARN_UNUSED_VARIABLE = YES;
				IPHONEOS_DEPLOYMENT_TARGET = 11.3;
				MTL_ENABLE_DEBUG_INFO = NO;
				SDKROOT = iphoneos;
				VALIDATE_PRODUCT = YES;
			};
			name = Release;
		};
		5E5BB3EC20BF895E004A5D97 /* Debug */ = {
			isa = XCBuildConfiguration;
			buildSettings = {
				ASSETCATALOG_COMPILER_APPICON_NAME = AppIcon;
				CODE_SIGN_STYLE = Automatic;
				DEVELOPMENT_TEAM = CB29T9LDGP;
				INFOPLIST_FILE = ZzzUICollectionViewStudy/Info.plist;
				LD_RUNPATH_SEARCH_PATHS = (
					"$(inherited)",
					"@executable_path/Frameworks",
				);
				PRODUCT_BUNDLE_IDENTIFIER = zhouzezhou.ZzzUICollectionViewStudy;
				PRODUCT_NAME = "$(TARGET_NAME)";
				TARGETED_DEVICE_FAMILY = 1;
			};
			name = Debug;
		};
		5E5BB3ED20BF895E004A5D97 /* Release */ = {
			isa = XCBuildConfiguration;
			buildSettings = {
				ASSETCATALOG_COMPILER_APPICON_NAME = AppIcon;
				CODE_SIGN_STYLE = Automatic;
				DEVELOPMENT_TEAM = CB29T9LDGP;
				INFOPLIST_FILE = ZzzUICollectionViewStudy/Info.plist;
				LD_RUNPATH_SEARCH_PATHS = (
					"$(inherited)",
					"@executable_path/Frameworks",
				);
				PRODUCT_BUNDLE_IDENTIFIER = zhouzezhou.ZzzUICollectionViewStudy;
				PRODUCT_NAME = "$(TARGET_NAME)";
				TARGETED_DEVICE_FAMILY = 1;
			};
			name = Release;
		};
/* End XCBuildConfiguration section */

/* Begin XCConfigurationList section */
		5E5BB3D020BF893B004A5D97 /* Build configuration list for PBXProject "ZzzUICollectionViewStudy" */ = {
			isa = XCConfigurationList;
			buildConfigurations = (
				5E5BB3E920BF895E004A5D97 /* Debug */,
				5E5BB3EA20BF895E004A5D97 /* Release */,
			);
			defaultConfigurationIsVisible = 0;
			defaultConfigurationName = Release;
		};
		5E5BB3EB20BF895E004A5D97 /* Build configuration list for PBXNativeTarget "ZzzUICollectionViewStudy" */ = {
			isa = XCConfigurationList;
			buildConfigurations = (
				5E5BB3EC20BF895E004A5D97 /* Debug */,
				5E5BB3ED20BF895E004A5D97 /* Release */,
			);
			defaultConfigurationIsVisible = 0;
			defaultConfigurationName = Release;
		};
/* End XCConfigurationList section */
	};
	rootObject = 5E5BB3CD20BF893B004A5D97 /* Project object */;
}
